// !$*UTF8*$!
{
	archiveVersion = 1;
	classes = {
	};
	objectVersion = 50;
	objects = {

/* Begin PBXBuildFile section */
		4BA4459F2423657A00C83354 /* AppDelegate.swift in Sources */ = {isa = PBXBuildFile; fileRef = 4BA4459E2423657A00C83354 /* AppDelegate.swift */; };
		4BA445A12423657A00C83354 /* SceneDelegate.swift in Sources */ = {isa = PBXBuildFile; fileRef = 4BA445A02423657A00C83354 /* SceneDelegate.swift */; };
		4BA445A42423657A00C83354 /* deanHW1.xcdatamodeld in Sources */ = {isa = PBXBuildFile; fileRef = 4BA445A22423657A00C83354 /* deanHW1.xcdatamodeld */; };
		4BA445A62423657A00C83354 /* ContentView.swift in Sources */ = {isa = PBXBuildFile; fileRef = 4BA445A52423657A00C83354 /* ContentView.swift */; };
		4BA445A82423657C00C83354 /* Assets.xcassets in Resources */ = {isa = PBXBuildFile; fileRef = 4BA445A72423657C00C83354 /* Assets.xcassets */; };
		4BA445AB2423657C00C83354 /* Preview Assets.xcassets in Resources */ = {isa = PBXBuildFile; fileRef = 4BA445AA2423657C00C83354 /* Preview Assets.xcassets */; };
		4BA445AE2423657C00C83354 /* LaunchScreen.storyboard in Resources */ = {isa = PBXBuildFile; fileRef = 4BA445AC2423657C00C83354 /* LaunchScreen.storyboard */; };
		4BA445B92423657D00C83354 /* deanHW1Tests.swift in Sources */ = {isa = PBXBuildFile; fileRef = 4BA445B82423657D00C83354 /* deanHW1Tests.swift */; };
		4BA445C42423657D00C83354 /* deanHW1UITests.swift in Sources */ = {isa = PBXBuildFile; fileRef = 4BA445C32423657D00C83354 /* deanHW1UITests.swift */; };
/* End PBXBuildFile section */

/* Begin PBXContainerItemProxy section */
		4BA445B52423657D00C83354 /* PBXContainerItemProxy */ = {
			isa = PBXContainerItemProxy;
			containerPortal = 4BA445932423657A00C83354 /* Project object */;
			proxyType = 1;
			remoteGlobalIDString = 4BA4459A2423657A00C83354;
			remoteInfo = deanHW1;
		};
		4BA445C02423657D00C83354 /* PBXContainerItemProxy */ = {
			isa = PBXContainerItemProxy;
			containerPortal = 4BA445932423657A00C83354 /* Project object */;
			proxyType = 1;
			remoteGlobalIDString = 4BA4459A2423657A00C83354;
			remoteInfo = deanHW1;
		};
/* End PBXContainerItemProxy section */

/* Begin PBXFileReference section */
		4BA4459B2423657A00C83354 /* deanHW1.app */ = {isa = PBXFileReference; explicitFileType = wrapper.application; includeInIndex = 0; path = deanHW1.app; sourceTree = BUILT_PRODUCTS_DIR; };
		4BA4459E2423657A00C83354 /* AppDelegate.swift */ = {isa = PBXFileReference; lastKnownFileType = sourcecode.swift; path = AppDelegate.swift; sourceTree = "<group>"; };
		4BA445A02423657A00C83354 /* SceneDelegate.swift */ = {isa = PBXFileReference; lastKnownFileType = sourcecode.swift; path = SceneDelegate.swift; sourceTree = "<group>"; };
		4BA445A32423657A00C83354 /* deanHW1.xcdatamodel */ = {isa = PBXFileReference; lastKnownFileType = wrapper.xcdatamodel; path = deanHW1.xcdatamodel; sourceTree = "<group>"; };
		4BA445A52423657A00C83354 /* ContentView.swift */ = {isa = PBXFileReference; lastKnownFileType = sourcecode.swift; path = ContentView.swift; sourceTree = "<group>"; };
		4BA445A72423657C00C83354 /* Assets.xcassets */ = {isa = PBXFileReference; lastKnownFileType = folder.assetcatalog; path = Assets.xcassets; sourceTree = "<group>"; };
		4BA445AA2423657C00C83354 /* Preview Assets.xcassets */ = {isa = PBXFileReference; lastKnownFileType = folder.assetcatalog; path = "Preview Assets.xcassets"; sourceTree = "<group>"; };
		4BA445AD2423657C00C83354 /* Base */ = {isa = PBXFileReference; lastKnownFileType = file.storyboard; name = Base; path = Base.lproj/LaunchScreen.storyboard; sourceTree = "<group>"; };
		4BA445AF2423657C00C83354 /* Info.plist */ = {isa = PBXFileReference; lastKnownFileType = text.plist.xml; path = Info.plist; sourceTree = "<group>"; };
		4BA445B42423657D00C83354 /* deanHW1Tests.xctest */ = {isa = PBXFileReference; explicitFileType = wrapper.cfbundle; includeInIndex = 0; path = deanHW1Tests.xctest; sourceTree = BUILT_PRODUCTS_DIR; };
		4BA445B82423657D00C83354 /* deanHW1Tests.swift */ = {isa = PBXFileReference; lastKnownFileType = sourcecode.swift; path = deanHW1Tests.swift; sourceTree = "<group>"; };
		4BA445BA2423657D00C83354 /* Info.plist */ = {isa = PBXFileReference; lastKnownFileType = text.plist.xml; path = Info.plist; sourceTree = "<group>"; };
		4BA445BF2423657D00C83354 /* deanHW1UITests.xctest */ = {isa = PBXFileReference; explicitFileType = wrapper.cfbundle; includeInIndex = 0; path = deanHW1UITests.xctest; sourceTree = BUILT_PRODUCTS_DIR; };
		4BA445C32423657D00C83354 /* deanHW1UITests.swift */ = {isa = PBXFileReference; lastKnownFileType = sourcecode.swift; path = deanHW1UITests.swift; sourceTree = "<group>"; };
		4BA445C52423657D00C83354 /* Info.plist */ = {isa = PBXFileReference; lastKnownFileType = text.plist.xml; path = Info.plist; sourceTree = "<group>"; };
/* End PBXFileReference section */

/* Begin PBXFrameworksBuildPhase section */
		4BA445982423657A00C83354 /* Frameworks */ = {
			isa = PBXFrameworksBuildPhase;
			buildActionMask = 2147483647;
			files = (
			);
			runOnlyForDeploymentPostprocessing = 0;
		};
		4BA445B12423657D00C83354 /* Frameworks */ = {
			isa = PBXFrameworksBuildPhase;
			buildActionMask = 2147483647;
			files = (
			);
			runOnlyForDeploymentPostprocessing = 0;
		};
		4BA445BC2423657D00C83354 /* Frameworks */ = {
			isa = PBXFrameworksBuildPhase;
			buildActionMask = 2147483647;
			files = (
			);
			runOnlyForDeploymentPostprocessing = 0;
		};
/* End PBXFrameworksBuildPhase section */

/* Begin PBXGroup section */
		4BA445922423657A00C83354 = {
			isa = PBXGroup;
			children = (
				4BA4459D2423657A00C83354 /* deanHW1 */,
				4BA445B72423657D00C83354 /* deanHW1Tests */,
				4BA445C22423657D00C83354 /* deanHW1UITests */,
				4BA4459C2423657A00C83354 /* Products */,
			);
			sourceTree = "<group>";
		};
		4BA4459C2423657A00C83354 /* Products */ = {
			isa = PBXGroup;
			children = (
				4BA4459B2423657A00C83354 /* deanHW1.app */,
				4BA445B42423657D00C83354 /* deanHW1Tests.xctest */,
				4BA445BF2423657D00C83354 /* deanHW1UITests.xctest */,
			);
			name = Products;
			sourceTree = "<group>";
		};
		4BA4459D2423657A00C83354 /* deanHW1 */ = {
			isa = PBXGroup;
			children = (
				4BA4459E2423657A00C83354 /* AppDelegate.swift */,
				4BA445A02423657A00C83354 /* SceneDelegate.swift */,
				4BA445A52423657A00C83354 /* ContentView.swift */,
				4BA445A72423657C00C83354 /* Assets.xcassets */,
				4BA445AC2423657C00C83354 /* LaunchScreen.storyboard */,
				4BA445AF2423657C00C83354 /* Info.plist */,
				4BA445A22423657A00C83354 /* deanHW1.xcdatamodeld */,
				4BA445A92423657C00C83354 /* Preview Content */,
			);
			path = deanHW1;
			sourceTree = "<group>";
		};
		4BA445A92423657C00C83354 /* Preview Content */ = {
			isa = PBXGroup;
			children = (
				4BA445AA2423657C00C83354 /* Preview Assets.xcassets */,
			);
			path = "Preview Content";
			sourceTree = "<group>";
		};
		4BA445B72423657D00C83354 /* deanHW1Tests */ = {
			isa = PBXGroup;
			children = (
				4BA445B82423657D00C83354 /* deanHW1Tests.swift */,
				4BA445BA2423657D00C83354 /* Info.plist */,
			);
			path = deanHW1Tests;
			sourceTree = "<group>";
		};
		4BA445C22423657D00C83354 /* deanHW1UITests */ = {
			isa = PBXGroup;
			children = (
				4BA445C32423657D00C83354 /* deanHW1UITests.swift */,
				4BA445C52423657D00C83354 /* Info.plist */,
			);
			path = deanHW1UITests;
			sourceTree = "<group>";
		};
/* End PBXGroup section */

/* Begin PBXNativeTarget section */
		4BA4459A2423657A00C83354 /* deanHW1 */ = {
			isa = PBXNativeTarget;
			buildConfigurationList = 4BA445C82423657D00C83354 /* Build configuration list for PBXNativeTarget "deanHW1" */;
			buildPhases = (
				4BA445972423657A00C83354 /* Sources */,
				4BA445982423657A00C83354 /* Frameworks */,
				4BA445992423657A00C83354 /* Resources */,
			);
			buildRules = (
			);
			dependencies = (
			);
			name = deanHW1;
			productName = deanHW1;
			productReference = 4BA4459B2423657A00C83354 /* deanHW1.app */;
			productType = "com.apple.product-type.application";
		};
		4BA445B32423657D00C83354 /* deanHW1Tests */ = {
			isa = PBXNativeTarget;
			buildConfigurationList = 4BA445CB2423657D00C83354 /* Build configuration list for PBXNativeTarget "deanHW1Tests" */;
			buildPhases = (
				4BA445B02423657D00C83354 /* Sources */,
				4BA445B12423657D00C83354 /* Frameworks */,
				4BA445B22423657D00C83354 /* Resources */,
			);
			buildRules = (
			);
			dependencies = (
				4BA445B62423657D00C83354 /* PBXTargetDependency */,
			);
			name = deanHW1Tests;
			productName = deanHW1Tests;
			productReference = 4BA445B42423657D00C83354 /* deanHW1Tests.xctest */;
			productType = "com.apple.product-type.bundle.unit-test";
		};
		4BA445BE2423657D00C83354 /* deanHW1UITests */ = {
			isa = PBXNativeTarget;
			buildConfigurationList = 4BA445CE2423657D00C83354 /* Build configuration list for PBXNativeTarget "deanHW1UITests" */;
			buildPhases = (
				4BA445BB2423657D00C83354 /* Sources */,
				4BA445BC2423657D00C83354 /* Frameworks */,
				4BA445BD2423657D00C83354 /* Resources */,
			);
			buildRules = (
			);
			dependencies = (
				4BA445C12423657D00C83354 /* PBXTargetDependency */,
			);
			name = deanHW1UITests;
			productName = deanHW1UITests;
			productReference = 4BA445BF2423657D00C83354 /* deanHW1UITests.xctest */;
			productType = "com.apple.product-type.bundle.ui-testing";
		};
/* End PBXNativeTarget section */

/* Begin PBXProject section */
		4BA445932423657A00C83354 /* Project object */ = {
			isa = PBXProject;
			attributes = {
				LastSwiftUpdateCheck = 1110;
				LastUpgradeCheck = 1110;
				ORGANIZATIONNAME = test;
				TargetAttributes = {
					4BA4459A2423657A00C83354 = {
						CreatedOnToolsVersion = 11.1;
					};
					4BA445B32423657D00C83354 = {
						CreatedOnToolsVersion = 11.1;
						TestTargetID = 4BA4459A2423657A00C83354;
					};
					4BA445BE2423657D00C83354 = {
						CreatedOnToolsVersion = 11.1;
						TestTargetID = 4BA4459A2423657A00C83354;
					};
				};
			};
			buildConfigurationList = 4BA445962423657A00C83354 /* Build configuration list for PBXProject "deanHW1" */;
			compatibilityVersion = "Xcode 9.3";
			developmentRegion = en;
			hasScannedForEncodings = 0;
			knownRegions = (
				en,
				Base,
			);
			mainGroup = 4BA445922423657A00C83354;
			productRefGroup = 4BA4459C2423657A00C83354 /* Products */;
			projectDirPath = "";
			projectRoot = "";
			targets = (
				4BA4459A2423657A00C83354 /* deanHW1 */,
				4BA445B32423657D00C83354 /* deanHW1Tests */,
				4BA445BE2423657D00C83354 /* deanHW1UITests */,
			);
		};
/* End PBXProject section */

/* Begin PBXResourcesBuildPhase section */
		4BA445992423657A00C83354 /* Resources */ = {
			isa = PBXResourcesBuildPhase;
			buildActionMask = 2147483647;
			files = (
				4BA445AE2423657C00C83354 /* LaunchScreen.storyboard in Resources */,
				4BA445AB2423657C00C83354 /* Preview Assets.xcassets in Resources */,
				4BA445A82423657C00C83354 /* Assets.xcassets in Resources */,
			);
			runOnlyForDeploymentPostprocessing = 0;
		};
		4BA445B22423657D00C83354 /* Resources */ = {
			isa = PBXResourcesBuildPhase;
			buildActionMask = 2147483647;
			files = (
			);
			runOnlyForDeploymentPostprocessing = 0;
		};
		4BA445BD2423657D00C83354 /* Resources */ = {
			isa = PBXResourcesBuildPhase;
			buildActionMask = 2147483647;
			files = (
			);
			runOnlyForDeploymentPostprocessing = 0;
		};
/* End PBXResourcesBuildPhase section */

/* Begin PBXSourcesBuildPhase section */
		4BA445972423657A00C83354 /* Sources */ = {
			isa = PBXSourcesBuildPhase;
			buildActionMask = 2147483647;
			files = (
				4BA445A42423657A00C83354 /* deanHW1.xcdatamodeld in Sources */,
				4BA4459F2423657A00C83354 /* AppDelegate.swift in Sources */,
				4BA445A62423657A00C83354 /* ContentView.swift in Sources */,
				4BA445A12423657A00C83354 /* SceneDelegate.swift in Sources */,
			);
			runOnlyForDeploymentPostprocessing = 0;
		};
		4BA445B02423657D00C83354 /* Sources */ = {
			isa = PBXSourcesBuildPhase;
			buildActionMask = 2147483647;
			files = (
				4BA445B92423657D00C83354 /* deanHW1Tests.swift in Sources */,
			);
			runOnlyForDeploymentPostprocessing = 0;
		};
		4BA445BB2423657D00C83354 /* Sources */ = {
			isa = PBXSourcesBuildPhase;
			buildActionMask = 2147483647;
			files = (
				4BA445C42423657D00C83354 /* deanHW1UITests.swift in Sources */,
			);
			runOnlyForDeploymentPostprocessing = 0;
		};
/* End PBXSourcesBuildPhase section */

/* Begin PBXTargetDependency section */
		4BA445B62423657D00C83354 /* PBXTargetDependency */ = {
			isa = PBXTargetDependency;
			target = 4BA4459A2423657A00C83354 /* deanHW1 */;
			targetProxy = 4BA445B52423657D00C83354 /* PBXContainerItemProxy */;
		};
		4BA445C12423657D00C83354 /* PBXTargetDependency */ = {
			isa = PBXTargetDependency;
			target = 4BA4459A2423657A00C83354 /* deanHW1 */;
			targetProxy = 4BA445C02423657D00C83354 /* PBXContainerItemProxy */;
		};
/* End PBXTargetDependency section */

/* Begin PBXVariantGroup section */
		4BA445AC2423657C00C83354 /* LaunchScreen.storyboard */ = {
			isa = PBXVariantGroup;
			children = (
				4BA445AD2423657C00C83354 /* Base */,
			);
			name = LaunchScreen.storyboard;
			sourceTree = "<group>";
		};
/* End PBXVariantGroup section */

/* Begin XCBuildConfiguration section */
		4BA445C62423657D00C83354 /* Debug */ = {
			isa = XCBuildConfiguration;
			buildSettings = {
				ALWAYS_SEARCH_USER_PATHS = NO;
				CLANG_ANALYZER_NONNULL = YES;
				CLANG_ANALYZER_NUMBER_OBJECT_CONVERSION = YES_AGGRESSIVE;
				CLANG_CXX_LANGUAGE_STANDARD = "gnu++14";
				CLANG_CXX_LIBRARY = "libc++";
				CLANG_ENABLE_MODULES = YES;
				CLANG_ENABLE_OBJC_ARC = YES;
				CLANG_ENABLE_OBJC_WEAK = YES;
				CLANG_WARN_BLOCK_CAPTURE_AUTORELEASING = YES;
				CLANG_WARN_BOOL_CONVERSION = YES;
				CLANG_WARN_COMMA = YES;
				CLANG_WARN_CONSTANT_CONVERSION = YES;
				CLANG_WARN_DEPRECATED_OBJC_IMPLEMENTATIONS = YES;
				CLANG_WARN_DIRECT_OBJC_ISA_USAGE = YES_ERROR;
				CLANG_WARN_DOCUMENTATION_COMMENTS = YES;
				CLANG_WARN_EMPTY_BODY = YES;
				CLANG_WARN_ENUM_CONVERSION = YES;
				CLANG_WARN_INFINITE_RECURSION = YES;
				CLANG_WARN_INT_CONVERSION = YES;
				CLANG_WARN_NON_LITERAL_NULL_CONVERSION = YES;
				CLANG_WARN_OBJC_IMPLICIT_RETAIN_SELF = YES;
				CLANG_WARN_OBJC_LITERAL_CONVERSION = YES;
				CLANG_WARN_OBJC_ROOT_CLASS = YES_ERROR;
				CLANG_WARN_RANGE_LOOP_ANALYSIS = YES;
				CLANG_WARN_STRICT_PROTOTYPES = YES;
				CLANG_WARN_SUSPICIOUS_MOVE = YES;
				CLANG_WARN_UNGUARDED_AVAILABILITY = YES_AGGRESSIVE;
				CLANG_WARN_UNREACHABLE_CODE = YES;
				CLANG_WARN__DUPLICATE_METHOD_MATCH = YES;
				COPY_PHASE_STRIP = NO;
				DEBUG_INFORMATION_FORMAT = dwarf;
				ENABLE_STRICT_OBJC_MSGSEND = YES;
				ENABLE_TESTABILITY = YES;
				GCC_C_LANGUAGE_STANDARD = gnu11;
				GCC_DYNAMIC_NO_PIC = NO;
				GCC_NO_COMMON_BLOCKS = YES;
				GCC_OPTIMIZATION_LEVEL = 0;
				GCC_PREPROCESSOR_DEFINITIONS = (
					"DEBUG=1",
					"$(inherited)",
				);
				GCC_WARN_64_TO_32_BIT_CONVERSION = YES;
				GCC_WARN_ABOUT_RETURN_TYPE = YES_ERROR;
				GCC_WARN_UNDECLARED_SELECTOR = YES;
				GCC_WARN_UNINITIALIZED_AUTOS = YES_AGGRESSIVE;
				GCC_WARN_UNUSED_FUNCTION = YES;
				GCC_WARN_UNUSED_VARIABLE = YES;
				IPHONEOS_DEPLOYMENT_TARGET = 13.1;
				MTL_ENABLE_DEBUG_INFO = INCLUDE_SOURCE;
				MTL_FAST_MATH = YES;
				ONLY_ACTIVE_ARCH = YES;
				SDKROOT = iphoneos;
				SWIFT_ACTIVE_COMPILATION_CONDITIONS = DEBUG;
				SWIFT_OPTIMIZATION_LEVEL = "-Onone";
			};
			name = Debug;
		};
		4BA445C72423657D00C83354 /* Release */ = {
			isa = XCBuildConfiguration;
			buildSettings = {
				ALWAYS_SEARCH_USER_PATHS = NO;
				CLANG_ANALYZER_NONNULL = YES;
				CLANG_ANALYZER_NUMBER_OBJECT_CONVERSION = YES_AGGRESSIVE;
				CLANG_CXX_LANGUAGE_STANDARD = "gnu++14";
				CLANG_CXX_LIBRARY = "libc++";
				CLANG_ENABLE_MODULES = YES;
				CLANG_ENABLE_OBJC_ARC = YES;
				CLANG_ENABLE_OBJC_WEAK = YES;
				CLANG_WARN_BLOCK_CAPTURE_AUTORELEASING = YES;
				CLANG_WARN_BOOL_CONVERSION = YES;
				CLANG_WARN_COMMA = YES;
				CLANG_WARN_CONSTANT_CONVERSION = YES;
				CLANG_WARN_DEPRECATED_OBJC_IMPLEMENTATIONS = YES;
				CLANG_WARN_DIRECT_OBJC_ISA_USAGE = YES_ERROR;
				CLANG_WARN_DOCUMENTATION_COMMENTS = YES;
				CLANG_WARN_EMPTY_BODY = YES;
				CLANG_WARN_ENUM_CONVERSION = YES;
				CLANG_WARN_INFINITE_RECURSION = YES;
				CLANG_WARN_INT_CONVERSION = YES;
				CLANG_WARN_NON_LITERAL_NULL_CONVERSION = YES;
				CLANG_WARN_OBJC_IMPLICIT_RETAIN_SELF = YES;
				CLANG_WARN_OBJC_LITERAL_CONVERSION = YES;
				CLANG_WARN_OBJC_ROOT_CLASS = YES_ERROR;
				CLANG_WARN_RANGE_LOOP_ANALYSIS = YES;
				CLANG_WARN_STRICT_PROTOTYPES = YES;
				CLANG_WARN_SUSPICIOUS_MOVE = YES;
				CLANG_WARN_UNGUARDED_AVAILABILITY = YES_AGGRESSIVE;
				CLANG_WARN_UNREACHABLE_CODE = YES;
				CLANG_WARN__DUPLICATE_METHOD_MATCH = YES;
				COPY_PHASE_STRIP = NO;
				DEBUG_INFORMATION_FORMAT = "dwarf-with-dsym";
				ENABLE_NS_ASSERTIONS = NO;
				ENABLE_STRICT_OBJC_MSGSEND = YES;
				GCC_C_LANGUAGE_STANDARD = gnu11;
				GCC_NO_COMMON_BLOCKS = YES;
				GCC_WARN_64_TO_32_BIT_CONVERSION = YES;
				GCC_WARN_ABOUT_RETURN_TYPE = YES_ERROR;
				GCC_WARN_UNDECLARED_SELECTOR = YES;
				GCC_WARN_UNINITIALIZED_AUTOS = YES_AGGRESSIVE;
				GCC_WARN_UNUSED_FUNCTION = YES;
				GCC_WARN_UNUSED_VARIABLE = YES;
				IPHONEOS_DEPLOYMENT_TARGET = 13.1;
				MTL_ENABLE_DEBUG_INFO = NO;
				MTL_FAST_MATH = YES;
				SDKROOT = iphoneos;
				SWIFT_COMPILATION_MODE = wholemodule;
				SWIFT_OPTIMIZATION_LEVEL = "-O";
				VALIDATE_PRODUCT = YES;
			};
			name = Release;
		};
		4BA445C92423657D00C83354 /* Debug */ = {
			isa = XCBuildConfiguration;
			buildSettings = {
				ASSETCATALOG_COMPILER_APPICON_NAME = AppIcon;
				CODE_SIGN_STYLE = Automatic;
				DEVELOPMENT_ASSET_PATHS = "\"deanHW1/Preview Content\"";
				ENABLE_PREVIEWS = YES;
				INFOPLIST_FILE = deanHW1/Info.plist;
				LD_RUNPATH_SEARCH_PATHS = (
					"$(inherited)",
					"@executable_path/Frameworks",
				);
				PRODUCT_BUNDLE_IDENTIFIER = "-0657138.deanHW1";
				PRODUCT_NAME = "$(TARGET_NAME)";
				SWIFT_VERSION = 5.0;
				TARGETED_DEVICE_FAMILY = "1,2";
			};
			name = Debug;
		};
		4BA445CA2423657D00C83354 /* Release */ = {
			isa = XCBuildConfiguration;
			buildSettings = {
				ASSETCATALOG_COMPILER_APPICON_NAME = AppIcon;
				CODE_SIGN_STYLE = Automatic;
				DEVELOPMENT_ASSET_PATHS = "\"deanHW1/Preview Content\"";
				ENABLE_PREVIEWS = YES;
				INFOPLIST_FILE = deanHW1/Info.plist;
				LD_RUNPATH_SEARCH_PATHS = (
					"$(inherited)",
					"@executable_path/Frameworks",
				);
				PRODUCT_BUNDLE_IDENTIFIER = "-0657138.deanHW1";
				PRODUCT_NAME = "$(TARGET_NAME)";
				SWIFT_VERSION = 5.0;
				TARGETED_DEVICE_FAMILY = "1,2";
			};
			name = Release;
		};
		4BA445CC2423657D00C83354 /* Debug */ = {
			isa = XCBuildConfiguration;
			buildSettings = {
				ALWAYS_EMBED_SWIFT_STANDARD_LIBRARIES = YES;
				BUNDLE_LOADER = "$(TEST_HOST)";
				CODE_SIGN_STYLE = Automatic;
				INFOPLIST_FILE = deanHW1Tests/Info.plist;
				IPHONEOS_DEPLOYMENT_TARGET = 13.1;
				LD_RUNPATH_SEARCH_PATHS = (
					"$(inherited)",
					"@executable_path/Frameworks",
					"@loader_path/Frameworks",
				);
				PRODUCT_BUNDLE_IDENTIFIER = "-0657138.deanHW1Tests";
				PRODUCT_NAME = "$(TARGET_NAME)";
				SWIFT_VERSION = 5.0;
				TARGETED_DEVICE_FAMILY = "1,2";
				TEST_HOST = "$(BUILT_PRODUCTS_DIR)/deanHW1.app/deanHW1";
			};
			name = Debug;
		};
		4BA445CD2423657D00C83354 /* Release */ = {
			isa = XCBuildConfiguration;
			buildSettings = {
				ALWAYS_EMBED_SWIFT_STANDARD_LIBRARIES = YES;
				BUNDLE_LOADER = "$(TEST_HOST)";
				CODE_SIGN_STYLE = Automatic;
				INFOPLIST_FILE = deanHW1Tests/Info.plist;
				IPHONEOS_DEPLOYMENT_TARGET = 13.1;
				LD_RUNPATH_SEARCH_PATHS = (
					"$(inherited)",
					"@executable_path/Frameworks",
					"@loader_path/Frameworks",
				);
				PRODUCT_BUNDLE_IDENTIFIER = "-0657138.deanHW1Tests";
				PRODUCT_NAME = "$(TARGET_NAME)";
				SWIFT_VERSION = 5.0;
				TARGETED_DEVICE_FAMILY = "1,2";
				TEST_HOST = "$(BUILT_PRODUCTS_DIR)/deanHW1.app/deanHW1";
			};
			name = Release;
		};
		4BA445CF2423657D00C83354 /* Debug */ = {
			isa = XCBuildConfiguration;
			buildSettings = {
				ALWAYS_EMBED_SWIFT_STANDARD_LIBRARIES = YES;
				CODE_SIGN_STYLE = Automatic;
				INFOPLIST_FILE = deanHW1UITests/Info.plist;
				LD_RUNPATH_SEARCH_PATHS = (
					"$(inherited)",
					"@executable_path/Frameworks",
					"@loader_path/Frameworks",
				);
				PRODUCT_BUNDLE_IDENTIFIER = "-0657138.deanHW1UITests";
				PRODUCT_NAME = "$(TARGET_NAME)";
				SWIFT_VERSION = 5.0;
				TARGETED_DEVICE_FAMILY = "1,2";
				TEST_TARGET_NAME = deanHW1;
			};
			name = Debug;
		};
		4BA445D02423657D00C83354 /* Release */ = {
			isa = XCBuildConfiguration;
			buildSettings = {
				ALWAYS_EMBED_SWIFT_STANDARD_LIBRARIES = YES;
				CODE_SIGN_STYLE = Automatic;
				INFOPLIST_FILE = deanHW1UITests/Info.plist;
				LD_RUNPATH_SEARCH_PATHS = (
					"$(inherited)",
					"@executable_path/Frameworks",
					"@loader_path/Frameworks",
				);
				PRODUCT_BUNDLE_IDENTIFIER = "-0657138.deanHW1UITests";
				PRODUCT_NAME = "$(TARGET_NAME)";
				SWIFT_VERSION = 5.0;
				TARGETED_DEVICE_FAMILY = "1,2";
				TEST_TARGET_NAME = deanHW1;
			};
			name = Release;
		};
/* End XCBuildConfiguration section */

/* Begin XCConfigurationList section */
		4BA445962423657A00C83354 /* Build configuration list for PBXProject "deanHW1" */ = {
			isa = XCConfigurationList;
			buildConfigurations = (
				4BA445C62423657D00C83354 /* Debug */,
				4BA445C72423657D00C83354 /* Release */,
			);
			defaultConfigurationIsVisible = 0;
			defaultConfigurationName = Release;
		};
		4BA445C82423657D00C83354 /* Build configuration list for PBXNativeTarget "deanHW1" */ = {
			isa = XCConfigurationList;
			buildConfigurations = (
				4BA445C92423657D00C83354 /* Debug */,
				4BA445CA2423657D00C83354 /* Release */,
			);
			defaultConfigurationIsVisible = 0;
			defaultConfigurationName = Release;
		};
		4BA445CB2423657D00C83354 /* Build configuration list for PBXNativeTarget "deanHW1Tests" */ = {
			isa = XCConfigurationList;
			buildConfigurations = (
				4BA445CC2423657D00C83354 /* Debug */,
				4BA445CD2423657D00C83354 /* Release */,
			);
			defaultConfigurationIsVisible = 0;
			defaultConfigurationName = Release;
		};
		4BA445CE2423657D00C83354 /* Build configuration list for PBXNativeTarget "deanHW1UITests" */ = {
			isa = XCConfigurationList;
			buildConfigurations = (
				4BA445CF2423657D00C83354 /* Debug */,
				4BA445D02423657D00C83354 /* Release */,
			);
			defaultConfigurationIsVisible = 0;
			defaultConfigurationName = Release;
		};
/* End XCConfigurationList section */

/* Begin XCVersionGroup section */
		4BA445A22423657A00C83354 /* deanHW1.xcdatamodeld */ = {
			isa = XCVersionGroup;
			children = (
				4BA445A32423657A00C83354 /* deanHW1.xcdatamodel */,
			);
			currentVersion = 4BA445A32423657A00C83354 /* deanHW1.xcdatamodel */;
			path = deanHW1.xcdatamodeld;
			sourceTree = "<group>";
			versionGroupType = wrapper.xcdatamodel;
		};
/* End XCVersionGroup section */
	};
	rootObject = 4BA445932423657A00C83354 /* Project object */;
}
